// !$*UTF8*$!
{
	archiveVersion = 1;
	classes = {
	};
	objectVersion = 77;
	objects = {

/* Begin PBXBuildFile section */
		350DEB3847E67A2C3768D960 /* ChatModels.swift in Sources */ = {isa = PBXBuildFile; fileRef = B9C509A7599D4F667659CFDE /* ChatModels.swift */; };
		39578E7747D053984D930B27 /* Theme.swift in Sources */ = {isa = PBXBuildFile; fileRef = 8BC0627A0EFD1A8B7C6587D9 /* Theme.swift */; };
		5E25349CC3262A18DE554A01 /* JarvisApp.swift in Sources */ = {isa = PBXBuildFile; fileRef = BD65447B9E4C38A85B4132FD /* JarvisApp.swift */; };
		665DA26755D3450AF1034F94 /* MessageBubble.swift in Sources */ = {isa = PBXBuildFile; fileRef = DE69DE59E64B6F50493044DB /* MessageBubble.swift */; };
		6D8D949EDB0469EB6835E1D6 /* ChatViewModel.swift in Sources */ = {isa = PBXBuildFile; fileRef = 1C293AAB6EC3E528B1043FF9 /* ChatViewModel.swift */; };
		7197AD7A964D6D7E7E073B0B /* HeaderView.swift in Sources */ = {isa = PBXBuildFile; fileRef = 4AEC93C05A9272F4D6BA7B3B /* HeaderView.swift */; };
		1D888E37CD5B4C3E93E4121D /* ConnectionMonitor.swift in Sources */ = {isa = PBXBuildFile; fileRef = 25787121D4BC47CE81017A43 /* ConnectionMonitor.swift */; };
		787AA2382FE1FA0807966E26 /* CalculatingRing.swift in Sources */ = {isa = PBXBuildFile; fileRef = D128F0818E54FBD7E317C566 /* CalculatingRing.swift */; };
		82C167427A387D38FA5095A1 /* JetBrainsMono-Regular.ttf in Resources */ = {isa = PBXBuildFile; fileRef = 2E448D818C06CC329E77DF93 /* JetBrainsMono-Regular.ttf */; };
		909D853529D3DDD4A03E737B /* JetBrainsMono-Medium.ttf in Resources */ = {isa = PBXBuildFile; fileRef = 2A8AF09AE1E2FADA19CEE6DC /* JetBrainsMono-Medium.ttf */; };
		9E5556E2178AC41017A6BB8A /* Orbitron-Medium.ttf in Resources */ = {isa = PBXBuildFile; fileRef = DAED4EA6ED4E013A474C9EC5 /* Orbitron-Medium.ttf */; };
		A929380B18BE429949DC1F84 /* ContentView.swift in Sources */ = {isa = PBXBuildFile; fileRef = 48499CCE647006FFF24CB568 /* ContentView.swift */; };
		D51EDCAAF9B332CEB2D130F5 /* ComposerView.swift in Sources */ = {isa = PBXBuildFile; fileRef = 97CBAE1B4A1C5BD8FF678BC0 /* ComposerView.swift */; };
		D74565500B7A31D023CCAD10 /* ApprovalsBubble.swift in Sources */ = {isa = PBXBuildFile; fileRef = 370DE88E6F21C63154413B9D /* ApprovalsBubble.swift */; };
		DEBFA12BB1A100389711262E /* Assets.xcassets in Resources */ = {isa = PBXBuildFile; fileRef = 61C76376F114B708AF2B9EF1 /* Assets.xcassets */; };
		EB57388175634BF5DAC80BAE /* Orbitron-Bold.ttf in Resources */ = {isa = PBXBuildFile; fileRef = DF138E4A7F5ED93F14865D86 /* Orbitron-Bold.ttf */; };
		F225B2E15AE015221953F150 /* JetBrainsMono-Bold.ttf in Resources */ = {isa = PBXBuildFile; fileRef = BBCCE25488D36794B3A4BE1E /* JetBrainsMono-Bold.ttf */; };
/* End PBXBuildFile section */

/* Begin PBXFileReference section */
		1C293AAB6EC3E528B1043FF9 /* ChatViewModel.swift */ = {isa = PBXFileReference; lastKnownFileType = sourcecode.swift; path = ChatViewModel.swift; sourceTree = "<group>"; };
		2A8AF09AE1E2FADA19CEE6DC /* JetBrainsMono-Medium.ttf */ = {isa = PBXFileReference; lastKnownFileType = file; path = "JetBrainsMono-Medium.ttf"; sourceTree = "<group>"; };
		25787121D4BC47CE81017A43 /* ConnectionMonitor.swift */ = {isa = PBXFileReference; lastKnownFileType = sourcecode.swift; path = ConnectionMonitor.swift; sourceTree = "<group>"; };
		2E448D818C06CC329E77DF93 /* JetBrainsMono-Regular.ttf */ = {isa = PBXFileReference; lastKnownFileType = file; path = "JetBrainsMono-Regular.ttf"; sourceTree = "<group>"; };
		370DE88E6F21C63154413B9D /* ApprovalsBubble.swift */ = {isa = PBXFileReference; lastKnownFileType = sourcecode.swift; path = ApprovalsBubble.swift; sourceTree = "<group>"; };
		48499CCE647006FFF24CB568 /* ContentView.swift */ = {isa = PBXFileReference; lastKnownFileType = sourcecode.swift; path = ContentView.swift; sourceTree = "<group>"; };
		4AEC93C05A9272F4D6BA7B3B /* HeaderView.swift */ = {isa = PBXFileReference; lastKnownFileType = sourcecode.swift; path = HeaderView.swift; sourceTree = "<group>"; };
		61C76376F114B708AF2B9EF1 /* Assets.xcassets */ = {isa = PBXFileReference; lastKnownFileType = folder.assetcatalog; path = Assets.xcassets; sourceTree = "<group>"; };
		8BC0627A0EFD1A8B7C6587D9 /* Theme.swift */ = {isa = PBXFileReference; lastKnownFileType = sourcecode.swift; path = Theme.swift; sourceTree = "<group>"; };
		97CBAE1B4A1C5BD8FF678BC0 /* ComposerView.swift */ = {isa = PBXFileReference; lastKnownFileType = sourcecode.swift; path = ComposerView.swift; sourceTree = "<group>"; };
		B9C509A7599D4F667659CFDE /* ChatModels.swift */ = {isa = PBXFileReference; lastKnownFileType = sourcecode.swift; path = ChatModels.swift; sourceTree = "<group>"; };
		BBCCE25488D36794B3A4BE1E /* JetBrainsMono-Bold.ttf */ = {isa = PBXFileReference; lastKnownFileType = file; path = "JetBrainsMono-Bold.ttf"; sourceTree = "<group>"; };
		BD65447B9E4C38A85B4132FD /* JarvisApp.swift */ = {isa = PBXFileReference; lastKnownFileType = sourcecode.swift; path = JarvisApp.swift; sourceTree = "<group>"; };
		D128F0818E54FBD7E317C566 /* CalculatingRing.swift */ = {isa = PBXFileReference; lastKnownFileType = sourcecode.swift; path = CalculatingRing.swift; sourceTree = "<group>"; };
		D758DDA5F42A49B6CB275DED /* Info.plist */ = {isa = PBXFileReference; lastKnownFileType = text.plist; path = Info.plist; sourceTree = "<group>"; };
		DAED4EA6ED4E013A474C9EC5 /* Orbitron-Medium.ttf */ = {isa = PBXFileReference; lastKnownFileType = file; path = "Orbitron-Medium.ttf"; sourceTree = "<group>"; };
		DE69DE59E64B6F50493044DB /* MessageBubble.swift */ = {isa = PBXFileReference; lastKnownFileType = sourcecode.swift; path = MessageBubble.swift; sourceTree = "<group>"; };
		DF138E4A7F5ED93F14865D86 /* Orbitron-Bold.ttf */ = {isa = PBXFileReference; lastKnownFileType = file; path = "Orbitron-Bold.ttf"; sourceTree = "<group>"; };
		F2EA89B09E63D9954B6EA5A4 /* Jarvis.app */ = {isa = PBXFileReference; includeInIndex = 0; lastKnownFileType = wrapper.application; path = Jarvis.app; sourceTree = BUILT_PRODUCTS_DIR; };
/* End PBXFileReference section */

/* Begin PBXGroup section */
		64740947F532AB24F4227662 /* Fonts */ = {
			isa = PBXGroup;
			children = (
				BBCCE25488D36794B3A4BE1E /* JetBrainsMono-Bold.ttf */,
				2A8AF09AE1E2FADA19CEE6DC /* JetBrainsMono-Medium.ttf */,
				2E448D818C06CC329E77DF93 /* JetBrainsMono-Regular.ttf */,
				DF138E4A7F5ED93F14865D86 /* Orbitron-Bold.ttf */,
				DAED4EA6ED4E013A474C9EC5 /* Orbitron-Medium.ttf */,
			);
			path = Fonts;
			sourceTree = "<group>";
		};
		7370B301BC3824D8E135198C /* Products */ = {
			isa = PBXGroup;
			children = (
				F2EA89B09E63D9954B6EA5A4 /* Jarvis.app */,
			);
			name = Products;
			sourceTree = "<group>";
		};
		BC0DCAC9B7584481D8C65021 = {
			isa = PBXGroup;
			children = (
				FC737B8F8A91C66ADA6702EE /* Jarvis */,
				7370B301BC3824D8E135198C /* Products */,
			);
			sourceTree = "<group>";
		};
		FC737B8F8A91C66ADA6702EE /* Jarvis */ = {
			isa = PBXGroup;
			children = (
				370DE88E6F21C63154413B9D /* ApprovalsBubble.swift */,
				61C76376F114B708AF2B9EF1 /* Assets.xcassets */,
				D128F0818E54FBD7E317C566 /* CalculatingRing.swift */,
				B9C509A7599D4F667659CFDE /* ChatModels.swift */,
				1C293AAB6EC3E528B1043FF9 /* ChatViewModel.swift */,
				97CBAE1B4A1C5BD8FF678BC0 /* ComposerView.swift */,
				25787121D4BC47CE81017A43 /* ConnectionMonitor.swift */,
				48499CCE647006FFF24CB568 /* ContentView.swift */,
				4AEC93C05A9272F4D6BA7B3B /* HeaderView.swift */,
				D758DDA5F42A49B6CB275DED /* Info.plist */,
				BD65447B9E4C38A85B4132FD /* JarvisApp.swift */,
				DE69DE59E64B6F50493044DB /* MessageBubble.swift */,
				8BC0627A0EFD1A8B7C6587D9 /* Theme.swift */,
				64740947F532AB24F4227662 /* Fonts */,
			);
			path = Jarvis;
			sourceTree = "<group>";
		};
/* End PBXGroup section */

/* Begin PBXNativeTarget section */
		461D90920FCD8CAF83348871 /* Jarvis */ = {
			isa = PBXNativeTarget;
			buildConfigurationList = B6D5E915E8E9BDF0BF748745 /* Build configuration list for PBXNativeTarget "Jarvis" */;
			buildPhases = (
				E0992BE4761F337F2AC5BF62 /* Sources */,
				C593366D9BBD0DC5F45EA023 /* Resources */,
			);
			buildRules = (
			);
			dependencies = (
			);
			name = Jarvis;
			packageProductDependencies = (
			);
			productName = Jarvis;
			productReference = F2EA89B09E63D9954B6EA5A4 /* Jarvis.app */;
			productType = "com.apple.product-type.application";
		};
/* End PBXNativeTarget section */

/* Begin PBXProject section */
		33E99CF1F5349721FD0BB40B /* Project object */ = {
			isa = PBXProject;
			attributes = {
				BuildIndependentTargetsInParallel = YES;
				LastUpgradeCheck = 1430;
				TargetAttributes = {
					461D90920FCD8CAF83348871 = {
						DevelopmentTeam = 749Y7LB6WB;
						ProvisioningStyle = Automatic;
					};
				};
			};
			buildConfigurationList = 5FF39917AC552CB1A0BD9FBA /* Build configuration list for PBXProject "Jarvis" */;
			developmentRegion = en;
			hasScannedForEncodings = 0;
			knownRegions = (
				Base,
				en,
			);
			mainGroup = BC0DCAC9B7584481D8C65021;
			minimizedProjectReferenceProxies = 1;
			preferredProjectObjectVersion = 77;
			productRefGroup = 7370B301BC3824D8E135198C /* Products */;
			projectDirPath = "";
			projectRoot = "";
			targets = (
				461D90920FCD8CAF83348871 /* Jarvis */,
			);
		};
/* End PBXProject section */

/* Begin PBXResourcesBuildPhase section */
		C593366D9BBD0DC5F45EA023 /* Resources */ = {
			isa = PBXResourcesBuildPhase;
			buildActionMask = 2147483647;
			files = (
				DEBFA12BB1A100389711262E /* Assets.xcassets in Resources */,
				F225B2E15AE015221953F150 /* JetBrainsMono-Bold.ttf in Resources */,
				909D853529D3DDD4A03E737B /* JetBrainsMono-Medium.ttf in Resources */,
				82C167427A387D38FA5095A1 /* JetBrainsMono-Regular.ttf in Resources */,
				EB57388175634BF5DAC80BAE /* Orbitron-Bold.ttf in Resources */,
				9E5556E2178AC41017A6BB8A /* Orbitron-Medium.ttf in Resources */,
			);
			runOnlyForDeploymentPostprocessing = 0;
		};
/* End PBXResourcesBuildPhase section */

/* Begin PBXSourcesBuildPhase section */
		E0992BE4761F337F2AC5BF62 /* Sources */ = {
			isa = PBXSourcesBuildPhase;
			buildActionMask = 2147483647;
			files = (
				D74565500B7A31D023CCAD10 /* ApprovalsBubble.swift in Sources */,
				787AA2382FE1FA0807966E26 /* CalculatingRing.swift in Sources */,
				350DEB3847E67A2C3768D960 /* ChatModels.swift in Sources */,
				6D8D949EDB0469EB6835E1D6 /* ChatViewModel.swift in Sources */,
				D51EDCAAF9B332CEB2D130F5 /* ComposerView.swift in Sources */,
				1D888E37CD5B4C3E93E4121D /* ConnectionMonitor.swift in Sources */,
				A929380B18BE429949DC1F84 /* ContentView.swift in Sources */,
				7197AD7A964D6D7E7E073B0B /* HeaderView.swift in Sources */,
				5E25349CC3262A18DE554A01 /* JarvisApp.swift in Sources */,
				665DA26755D3450AF1034F94 /* MessageBubble.swift in Sources */,
				39578E7747D053984D930B27 /* Theme.swift in Sources */,
			);
			runOnlyForDeploymentPostprocessing = 0;
		};
/* End PBXSourcesBuildPhase section */

/* Begin XCBuildConfiguration section */
		06169DA02795A8ED87F6F021 /* Debug */ = {
			isa = XCBuildConfiguration;
			buildSettings = {
				ASSETCATALOG_COMPILER_APPICON_NAME = AppIcon;
				CODE_SIGN_IDENTITY = "iPhone Developer";
				CODE_SIGN_STYLE = Automatic;
				DEVELOPMENT_TEAM = 749Y7LB6WB;
				INFOPLIST_FILE = Jarvis/Info.plist;
				LD_RUNPATH_SEARCH_PATHS = (
					"$(inherited)",
					"@executable_path/Frameworks",
				);
				PRODUCT_BUNDLE_IDENTIFIER = com.bmolyneaux.jarvis;
				SDKROOT = iphoneos;
				TARGETED_DEVICE_FAMILY = 1;
			};
			name = Debug;
		};
		8A75D86FEE135E74011AB6D2 /* Debug */ = {
			isa = XCBuildConfiguration;
			buildSettings = {
				ALWAYS_SEARCH_USER_PATHS = NO;
				CLANG_ANALYZER_NONNULL = YES;
				CLANG_ANALYZER_NUMBER_OBJECT_CONVERSION = YES_AGGRESSIVE;
				CLANG_CXX_LANGUAGE_STANDARD = "gnu++14";
				CLANG_CXX_LIBRARY = "libc++";
				CLANG_ENABLE_MODULES = YES;
				CLANG_ENABLE_OBJC_ARC = YES;
				CLANG_ENABLE_OBJC_WEAK = YES;
				CLANG_WARN_BLOCK_CAPTURE_AUTORELEASING = YES;
				CLANG_WARN_BOOL_CONVERSION = YES;
				CLANG_WARN_COMMA = YES;
				CLANG_WARN_CONSTANT_CONVERSION = YES;
				CLANG_WARN_DEPRECATED_OBJC_IMPLEMENTATIONS = YES;
				CLANG_WARN_DIRECT_OBJC_ISA_USAGE = YES_ERROR;
				CLANG_WARN_DOCUMENTATION_COMMENTS = YES;
				CLANG_WARN_EMPTY_BODY = YES;
				CLANG_WARN_ENUM_CONVERSION = YES;
				CLANG_WARN_INFINITE_RECURSION = YES;
				CLANG_WARN_INT_CONVERSION = YES;
				CLANG_WARN_NON_LITERAL_NULL_CONVERSION = YES;
				CLANG_WARN_OBJC_IMPLICIT_RETAIN_SELF = YES;
				CLANG_WARN_OBJC_LITERAL_CONVERSION = YES;
				CLANG_WARN_OBJC_ROOT_CLASS = YES_ERROR;
				CLANG_WARN_QUOTED_INCLUDE_IN_FRAMEWORK_HEADER = YES;
				CLANG_WARN_RANGE_LOOP_ANALYSIS = YES;
				CLANG_WARN_STRICT_PROTOTYPES = YES;
				CLANG_WARN_SUSPICIOUS_MOVE = YES;
				CLANG_WARN_UNGUARDED_AVAILABILITY = YES_AGGRESSIVE;
				CLANG_WARN_UNREACHABLE_CODE = YES;
				CLANG_WARN__DUPLICATE_METHOD_MATCH = YES;
				COPY_PHASE_STRIP = NO;
				CURRENT_PROJECT_VERSION = 1;
				DEBUG_INFORMATION_FORMAT = dwarf;
				ENABLE_STRICT_OBJC_MSGSEND = YES;
				ENABLE_TESTABILITY = YES;
				GCC_C_LANGUAGE_STANDARD = gnu11;
				GCC_DYNAMIC_NO_PIC = NO;
				GCC_NO_COMMON_BLOCKS = YES;
				GCC_OPTIMIZATION_LEVEL = 0;
				GCC_PREPROCESSOR_DEFINITIONS = (
					"$(inherited)",
					"DEBUG=1",
				);
				GCC_WARN_64_TO_32_BIT_CONVERSION = YES;
				GCC_WARN_ABOUT_RETURN_TYPE = YES_ERROR;
				GCC_WARN_UNDECLARED_SELECTOR = YES;
				GCC_WARN_UNINITIALIZED_AUTOS = YES_AGGRESSIVE;
				GCC_WARN_UNUSED_FUNCTION = YES;
				GCC_WARN_UNUSED_VARIABLE = YES;
				IPHONEOS_DEPLOYMENT_TARGET = 17.0;
				MARKETING_VERSION = 1.0;
				MTL_ENABLE_DEBUG_INFO = INCLUDE_SOURCE;
				MTL_FAST_MATH = YES;
				ONLY_ACTIVE_ARCH = YES;
				PRODUCT_NAME = "$(TARGET_NAME)";
				SDKROOT = iphoneos;
				SWIFT_ACTIVE_COMPILATION_CONDITIONS = DEBUG;
				SWIFT_OPTIMIZATION_LEVEL = "-Onone";
				SWIFT_VERSION = 5.0;
			};
			name = Debug;
		};
		B81D099211BB3784F907E95C /* Release */ = {
			isa = XCBuildConfiguration;
			buildSettings = {
				ASSETCATALOG_COMPILER_APPICON_NAME = AppIcon;
				CODE_SIGN_IDENTITY = "iPhone Developer";
				CODE_SIGN_STYLE = Automatic;
				DEVELOPMENT_TEAM = 749Y7LB6WB;
				INFOPLIST_FILE = Jarvis/Info.plist;
				LD_RUNPATH_SEARCH_PATHS = (
					"$(inherited)",
					"@executable_path/Frameworks",
				);
				PRODUCT_BUNDLE_IDENTIFIER = com.bmolyneaux.jarvis;
				SDKROOT = iphoneos;
				TARGETED_DEVICE_FAMILY = 1;
			};
			name = Release;
		};
		CA2EDC6435E5128E90920A00 /* Release */ = {
			isa = XCBuildConfiguration;
			buildSettings = {
				ALWAYS_SEARCH_USER_PATHS = NO;
				CLANG_ANALYZER_NONNULL = YES;
				CLANG_ANALYZER_NUMBER_OBJECT_CONVERSION = YES_AGGRESSIVE;
				CLANG_CXX_LANGUAGE_STANDARD = "gnu++14";
				CLANG_CXX_LIBRARY = "libc++";
				CLANG_ENABLE_MODULES = YES;
				CLANG_ENABLE_OBJC_ARC = YES;
				CLANG_ENABLE_OBJC_WEAK = YES;
				CLANG_WARN_BLOCK_CAPTURE_AUTORELEASING = YES;
				CLANG_WARN_BOOL_CONVERSION = YES;
				CLANG_WARN_COMMA = YES;
				CLANG_WARN_CONSTANT_CONVERSION = YES;
				CLANG_WARN_DEPRECATED_OBJC_IMPLEMENTATIONS = YES;
				CLANG_WARN_DIRECT_OBJC_ISA_USAGE = YES_ERROR;
				CLANG_WARN_DOCUMENTATION_COMMENTS = YES;
				CLANG_WARN_EMPTY_BODY = YES;
				CLANG_WARN_ENUM_CONVERSION = YES;
				CLANG_WARN_INFINITE_RECURSION = YES;
				CLANG_WARN_INT_CONVERSION = YES;
				CLANG_WARN_NON_LITERAL_NULL_CONVERSION = YES;
				CLANG_WARN_OBJC_IMPLICIT_RETAIN_SELF = YES;
				CLANG_WARN_OBJC_LITERAL_CONVERSION = YES;
				CLANG_WARN_OBJC_ROOT_CLASS = YES_ERROR;
				CLANG_WARN_QUOTED_INCLUDE_IN_FRAMEWORK_HEADER = YES;
				CLANG_WARN_RANGE_LOOP_ANALYSIS = YES;
				CLANG_WARN_STRICT_PROTOTYPES = YES;
				CLANG_WARN_SUSPICIOUS_MOVE = YES;
				CLANG_WARN_UNGUARDED_AVAILABILITY = YES_AGGRESSIVE;
				CLANG_WARN_UNREACHABLE_CODE = YES;
				CLANG_WARN__DUPLICATE_METHOD_MATCH = YES;
				COPY_PHASE_STRIP = NO;
				CURRENT_PROJECT_VERSION = 1;
				DEBUG_INFORMATION_FORMAT = "dwarf-with-dsym";
				ENABLE_NS_ASSERTIONS = NO;
				ENABLE_STRICT_OBJC_MSGSEND = YES;
				GCC_C_LANGUAGE_STANDARD = gnu11;
				GCC_NO_COMMON_BLOCKS = YES;
				GCC_WARN_64_TO_32_BIT_CONVERSION = YES;
				GCC_WARN_ABOUT_RETURN_TYPE = YES_ERROR;
				GCC_WARN_UNDECLARED_SELECTOR = YES;
				GCC_WARN_UNINITIALIZED_AUTOS = YES_AGGRESSIVE;
				GCC_WARN_UNUSED_FUNCTION = YES;
				GCC_WARN_UNUSED_VARIABLE = YES;
				IPHONEOS_DEPLOYMENT_TARGET = 17.0;
				MARKETING_VERSION = 1.0;
				MTL_ENABLE_DEBUG_INFO = NO;
				MTL_FAST_MATH = YES;
				PRODUCT_NAME = "$(TARGET_NAME)";
				SDKROOT = iphoneos;
				SWIFT_COMPILATION_MODE = wholemodule;
				SWIFT_OPTIMIZATION_LEVEL = "-O";
				SWIFT_VERSION = 5.0;
			};
			name = Release;
		};
/* End XCBuildConfiguration section */

/* Begin XCConfigurationList section */
		5FF39917AC552CB1A0BD9FBA /* Build configuration list for PBXProject "Jarvis" */ = {
			isa = XCConfigurationList;
			buildConfigurations = (
				8A75D86FEE135E74011AB6D2 /* Debug */,
				CA2EDC6435E5128E90920A00 /* Release */,
			);
			defaultConfigurationIsVisible = 0;
			defaultConfigurationName = Debug;
		};
		B6D5E915E8E9BDF0BF748745 /* Build configuration list for PBXNativeTarget "Jarvis" */ = {
			isa = XCConfigurationList;
			buildConfigurations = (
				06169DA02795A8ED87F6F021 /* Debug */,
				B81D099211BB3784F907E95C /* Release */,
			);
			defaultConfigurationIsVisible = 0;
			defaultConfigurationName = Debug;
		};
/* End XCConfigurationList section */
	};
	rootObject = 33E99CF1F5349721FD0BB40B /* Project object */;
}
